<?xml version="1.0" encoding="utf-8"?>
<Project ToolsVersion="4.0" xmlns="http://schemas.microsoft.com/developer/msbuild/2003">
  <ItemGroup>
    <ClCompile Include="playcap.cpp" />
    <ClCompile Include="global.cpp" />
  </ItemGroup>
  <ItemGroup>
    <ClInclude Include="playcap.h" />
    <ClInclude Include="global.h" />
  </ItemGroup>
</Project>